// !$*UTF8*$!
{
	archiveVersion = 1;
	classes = {
	};
	objectVersion = 48;
	objects = {

/* Begin PBXBuildFile section */
		B330CAD31FBA9F330080D747 /* PageVCLogin.swift in Sources */ = {isa = PBXBuildFile; fileRef = B330CAD21FBA9F330080D747 /* PageVCLogin.swift */; };
		B3897C181FA3DEDF0014BBDF /* AppDelegate.swift in Sources */ = {isa = PBXBuildFile; fileRef = B3897C171FA3DEDF0014BBDF /* AppDelegate.swift */; };
		B3897C1A1FA3DEDF0014BBDF /* ViewController.swift in Sources */ = {isa = PBXBuildFile; fileRef = B3897C191FA3DEDF0014BBDF /* ViewController.swift */; };
		B3897C1D1FA3DEDF0014BBDF /* Main.storyboard in Resources */ = {isa = PBXBuildFile; fileRef = B3897C1B1FA3DEDF0014BBDF /* Main.storyboard */; };
		B3897C1F1FA3DEDF0014BBDF /* Assets.xcassets in Resources */ = {isa = PBXBuildFile; fileRef = B3897C1E1FA3DEDF0014BBDF /* Assets.xcassets */; };
		B3897C221FA3DEDF0014BBDF /* LaunchScreen.storyboard in Resources */ = {isa = PBXBuildFile; fileRef = B3897C201FA3DEDF0014BBDF /* LaunchScreen.storyboard */; };
/* End PBXBuildFile section */

/* Begin PBXFileReference section */
		B330CAD21FBA9F330080D747 /* PageVCLogin.swift */ = {isa = PBXFileReference; lastKnownFileType = sourcecode.swift; path = PageVCLogin.swift; sourceTree = "<group>"; };
		B3897C141FA3DEDF0014BBDF /* InformatENP.app */ = {isa = PBXFileReference; explicitFileType = wrapper.application; includeInIndex = 0; path = InformatENP.app; sourceTree = BUILT_PRODUCTS_DIR; };
		B3897C171FA3DEDF0014BBDF /* AppDelegate.swift */ = {isa = PBXFileReference; lastKnownFileType = sourcecode.swift; path = AppDelegate.swift; sourceTree = "<group>"; };
		B3897C191FA3DEDF0014BBDF /* ViewController.swift */ = {isa = PBXFileReference; lastKnownFileType = sourcecode.swift; path = ViewController.swift; sourceTree = "<group>"; };
		B3897C1C1FA3DEDF0014BBDF /* Base */ = {isa = PBXFileReference; lastKnownFileType = file.storyboard; name = Base; path = Base.lproj/Main.storyboard; sourceTree = "<group>"; };
		B3897C1E1FA3DEDF0014BBDF /* Assets.xcassets */ = {isa = PBXFileReference; lastKnownFileType = folder.assetcatalog; path = Assets.xcassets; sourceTree = "<group>"; };
		B3897C211FA3DEDF0014BBDF /* Base */ = {isa = PBXFileReference; lastKnownFileType = file.storyboard; name = Base; path = Base.lproj/LaunchScreen.storyboard; sourceTree = "<group>"; };
		B3897C231FA3DEDF0014BBDF /* Info.plist */ = {isa = PBXFileReference; lastKnownFileType = text.plist.xml; path = Info.plist; sourceTree = "<group>"; };
/* End PBXFileReference section */

/* Begin PBXFrameworksBuildPhase section */
		B3897C111FA3DEDF0014BBDF /* Frameworks */ = {
			isa = PBXFrameworksBuildPhase;
			buildActionMask = 2147483647;
			files = (
			);
			runOnlyForDeploymentPostprocessing = 0;
		};
/* End PBXFrameworksBuildPhase section */

/* Begin PBXGroup section */
		B3897C0B1FA3DEDF0014BBDF = {
			isa = PBXGroup;
			children = (
				B3897C161FA3DEDF0014BBDF /* InformatENP */,
				B3897C151FA3DEDF0014BBDF /* Products */,
			);
			sourceTree = "<group>";
		};
		B3897C151FA3DEDF0014BBDF /* Products */ = {
			isa = PBXGroup;
			children = (
				B3897C141FA3DEDF0014BBDF /* InformatENP.app */,
			);
			name = Products;
			sourceTree = "<group>";
		};
		B3897C161FA3DEDF0014BBDF /* InformatENP */ = {
			isa = PBXGroup;
			children = (
				B3897C171FA3DEDF0014BBDF /* AppDelegate.swift */,
				B3897C191FA3DEDF0014BBDF /* ViewController.swift */,
				B330CAD21FBA9F330080D747 /* PageVCLogin.swift */,
				B3897C1B1FA3DEDF0014BBDF /* Main.storyboard */,
				B3897C1E1FA3DEDF0014BBDF /* Assets.xcassets */,
				B3897C201FA3DEDF0014BBDF /* LaunchScreen.storyboard */,
				B3897C231FA3DEDF0014BBDF /* Info.plist */,
			);
			path = InformatENP;
			sourceTree = "<group>";
		};
/* End PBXGroup section */

/* Begin PBXNativeTarget section */
		B3897C131FA3DEDF0014BBDF /* InformatENP */ = {
			isa = PBXNativeTarget;
			buildConfigurationList = B3897C261FA3DEDF0014BBDF /* Build configuration list for PBXNativeTarget "InformatENP" */;
			buildPhases = (
				B3897C101FA3DEDF0014BBDF /* Sources */,
				B3897C111FA3DEDF0014BBDF /* Frameworks */,
				B3897C121FA3DEDF0014BBDF /* Resources */,
			);
			buildRules = (
			);
			dependencies = (
			);
			name = InformatENP;
			productName = InformatENP;
			productReference = B3897C141FA3DEDF0014BBDF /* InformatENP.app */;
			productType = "com.apple.product-type.application";
		};
/* End PBXNativeTarget section */

/* Begin PBXProject section */
		B3897C0C1FA3DEDF0014BBDF /* Project object */ = {
			isa = PBXProject;
			attributes = {
				LastSwiftUpdateCheck = 0900;
				LastUpgradeCheck = 0900;
				ORGANIZATIONNAME = "Guillermo Garcia Romero";
				TargetAttributes = {
					B3897C131FA3DEDF0014BBDF = {
						CreatedOnToolsVersion = 9.0.1;
						ProvisioningStyle = Automatic;
					};
				};
			};
			buildConfigurationList = B3897C0F1FA3DEDF0014BBDF /* Build configuration list for PBXProject "InformatENP" */;
			compatibilityVersion = "Xcode 8.0";
			developmentRegion = en;
			hasScannedForEncodings = 0;
			knownRegions = (
				en,
				Base,
			);
			mainGroup = B3897C0B1FA3DEDF0014BBDF;
			productRefGroup = B3897C151FA3DEDF0014BBDF /* Products */;
			projectDirPath = "";
			projectRoot = "";
			targets = (
				B3897C131FA3DEDF0014BBDF /* InformatENP */,
			);
		};
/* End PBXProject section */

/* Begin PBXResourcesBuildPhase section */
		B3897C121FA3DEDF0014BBDF /* Resources */ = {
			isa = PBXResourcesBuildPhase;
			buildActionMask = 2147483647;
			files = (
				B3897C221FA3DEDF0014BBDF /* LaunchScreen.storyboard in Resources */,
				B3897C1F1FA3DEDF0014BBDF /* Assets.xcassets in Resources */,
				B3897C1D1FA3DEDF0014BBDF /* Main.storyboard in Resources */,
			);
			runOnlyForDeploymentPostprocessing = 0;
		};
/* End PBXResourcesBuildPhase section */

/* Begin PBXSourcesBuildPhase section */
		B3897C101FA3DEDF0014BBDF /* Sources */ = {
			isa = PBXSourcesBuildPhase;
			buildActionMask = 2147483647;
			files = (
				B3897C1A1FA3DEDF0014BBDF /* ViewController.swift in Sources */,
				B330CAD31FBA9F330080D747 /* PageVCLogin.swift in Sources */,
				B3897C181FA3DEDF0014BBDF /* AppDelegate.swift in Sources */,
			);
			runOnlyForDeploymentPostprocessing = 0;
		};
/* End PBXSourcesBuildPhase section */

/* Begin PBXVariantGroup section */
		B3897C1B1FA3DEDF0014BBDF /* Main.storyboard */ = {
			isa = PBXVariantGroup;
			children = (
				B3897C1C1FA3DEDF0014BBDF /* Base */,
			);
			name = Main.storyboard;
			sourceTree = "<group>";
		};
		B3897C201FA3DEDF0014BBDF /* LaunchScreen.storyboard */ = {
			isa = PBXVariantGroup;
			children = (
				B3897C211FA3DEDF0014BBDF /* Base */,
			);
			name = LaunchScreen.storyboard;
			sourceTree = "<group>";
		};
/* End PBXVariantGroup section */

/* Begin XCBuildConfiguration section */
		B3897C241FA3DEDF0014BBDF /* Debug */ = {
			isa = XCBuildConfiguration;
			buildSettings = {
				ALWAYS_SEARCH_USER_PATHS = NO;
				CLANG_ANALYZER_NONNULL = YES;
				CLANG_ANALYZER_NUMBER_OBJECT_CONVERSION = YES_AGGRESSIVE;
				CLANG_CXX_LANGUAGE_STANDARD = "gnu++14";
				CLANG_CXX_LIBRARY = "libc++";
				CLANG_ENABLE_MODULES = YES;
				CLANG_ENABLE_OBJC_ARC = YES;
				CLANG_WARN_BLOCK_CAPTURE_AUTORELEASING = YES;
				CLANG_WARN_BOOL_CONVERSION = YES;
				CLANG_WARN_COMMA = YES;
				CLANG_WARN_CONSTANT_CONVERSION = YES;
				CLANG_WARN_DIRECT_OBJC_ISA_USAGE = YES_ERROR;
				CLANG_WARN_DOCUMENTATION_COMMENTS = YES;
				CLANG_WARN_EMPTY_BODY = YES;
				CLANG_WARN_ENUM_CONVERSION = YES;
				CLANG_WARN_INFINITE_RECURSION = YES;
				CLANG_WARN_INT_CONVERSION = YES;
				CLANG_WARN_NON_LITERAL_NULL_CONVERSION = YES;
				CLANG_WARN_OBJC_LITERAL_CONVERSION = YES;
				CLANG_WARN_OBJC_ROOT_CLASS = YES_ERROR;
				CLANG_WARN_RANGE_LOOP_ANALYSIS = YES;
				CLANG_WARN_STRICT_PROTOTYPES = YES;
				CLANG_WARN_SUSPICIOUS_MOVE = YES;
				CLANG_WARN_UNGUARDED_AVAILABILITY = YES_AGGRESSIVE;
				CLANG_WARN_UNREACHABLE_CODE = YES;
				CLANG_WARN__DUPLICATE_METHOD_MATCH = YES;
				CODE_SIGN_IDENTITY = "iPhone Developer";
				COPY_PHASE_STRIP = NO;
				DEBUG_INFORMATION_FORMAT = dwarf;
				ENABLE_STRICT_OBJC_MSGSEND = YES;
				ENABLE_TESTABILITY = YES;
				GCC_C_LANGUAGE_STANDARD = gnu11;
				GCC_DYNAMIC_NO_PIC = NO;
				GCC_NO_COMMON_BLOCKS = YES;
				GCC_OPTIMIZATION_LEVEL = 0;
				GCC_PREPROCESSOR_DEFINITIONS = (
					"DEBUG=1",
					"$(inherited)",
				);
				GCC_WARN_64_TO_32_BIT_CONVERSION = YES;
				GCC_WARN_ABOUT_RETURN_TYPE = YES_ERROR;
				GCC_WARN_UNDECLARED_SELECTOR = YES;
				GCC_WARN_UNINITIALIZED_AUTOS = YES_AGGRESSIVE;
				GCC_WARN_UNUSED_FUNCTION = YES;
				GCC_WARN_UNUSED_VARIABLE = YES;
				IPHONEOS_DEPLOYMENT_TARGET = 11.0;
				MTL_ENABLE_DEBUG_INFO = YES;
				ONLY_ACTIVE_ARCH = YES;
				SDKROOT = iphoneos;
				SWIFT_ACTIVE_COMPILATION_CONDITIONS = DEBUG;
				SWIFT_OPTIMIZATION_LEVEL = "-Onone";
			};
			name = Debug;
		};
		B3897C251FA3DEDF0014BBDF /* Release */ = {
			isa = XCBuildConfiguration;
			buildSettings = {
				ALWAYS_SEARCH_USER_PATHS = NO;
				CLANG_ANALYZER_NONNULL = YES;
				CLANG_ANALYZER_NUMBER_OBJECT_CONVERSION = YES_AGGRESSIVE;
				CLANG_CXX_LANGUAGE_STANDARD = "gnu++14";
				CLANG_CXX_LIBRARY = "libc++";
				CLANG_ENABLE_MODULES = YES;
				CLANG_ENABLE_OBJC_ARC = YES;
				CLANG_WARN_BLOCK_CAPTURE_AUTORELEASING = YES;
				CLANG_WARN_BOOL_CONVERSION = YES;
				CLANG_WARN_COMMA = YES;
				CLANG_WARN_CONSTANT_CONVERSION = YES;
				CLANG_WARN_DIRECT_OBJC_ISA_USAGE = YES_ERROR;
				CLANG_WARN_DOCUMENTATION_COMMENTS = YES;
				CLANG_WARN_EMPTY_BODY = YES;
				CLANG_WARN_ENUM_CONVERSION = YES;
				CLANG_WARN_INFINITE_RECURSION = YES;
				CLANG_WARN_INT_CONVERSION = YES;
				CLANG_WARN_NON_LITERAL_NULL_CONVERSION = YES;
				CLANG_WARN_OBJC_LITERAL_CONVERSION = YES;
				CLANG_WARN_OBJC_ROOT_CLASS = YES_ERROR;
				CLANG_WARN_RANGE_LOOP_ANALYSIS = YES;
				CLANG_WARN_STRICT_PROTOTYPES = YES;
				CLANG_WARN_SUSPICIOUS_MOVE = YES;
				CLANG_WARN_UNGUARDED_AVAILABILITY = YES_AGGRESSIVE;
				CLANG_WARN_UNREACHABLE_CODE = YES;
				CLANG_WARN__DUPLICATE_METHOD_MATCH = YES;
				CODE_SIGN_IDENTITY = "iPhone Developer";
				COPY_PHASE_STRIP = NO;
				DEBUG_INFORMATION_FORMAT = "dwarf-with-dsym";
				ENABLE_NS_ASSERTIONS = NO;
				ENABLE_STRICT_OBJC_MSGSEND = YES;
				GCC_C_LANGUAGE_STANDARD = gnu11;
				GCC_NO_COMMON_BLOCKS = YES;
				GCC_WARN_64_TO_32_BIT_CONVERSION = YES;
				GCC_WARN_ABOUT_RETURN_TYPE = YES_ERROR;
				GCC_WARN_UNDECLARED_SELECTOR = YES;
				GCC_WARN_UNINITIALIZED_AUTOS = YES_AGGRESSIVE;
				GCC_WARN_UNUSED_FUNCTION = YES;
				GCC_WARN_UNUSED_VARIABLE = YES;
				IPHONEOS_DEPLOYMENT_TARGET = 11.0;
				MTL_ENABLE_DEBUG_INFO = NO;
				SDKROOT = iphoneos;
				SWIFT_OPTIMIZATION_LEVEL = "-Owholemodule";
				VALIDATE_PRODUCT = YES;
			};
			name = Release;
		};
		B3897C271FA3DEDF0014BBDF /* Debug */ = {
			isa = XCBuildConfiguration;
			buildSettings = {
				ASSETCATALOG_COMPILER_APPICON_NAME = AppIcon;
				CODE_SIGN_STYLE = Automatic;
				DEVELOPMENT_TEAM = 7QW6644H6T;
				INFOPLIST_FILE = InformatENP/Info.plist;
				LD_RUNPATH_SEARCH_PATHS = "$(inherited) @executable_path/Frameworks";
				PRODUCT_BUNDLE_IDENTIFIER = Guillermo.InformatENP;
				PRODUCT_NAME = "$(TARGET_NAME)";
				SWIFT_VERSION = 4.0;
				TARGETED_DEVICE_FAMILY = "1,2";
			};
			name = Debug;
		};
		B3897C281FA3DEDF0014BBDF /* Release */ = {
			isa = XCBuildConfiguration;
			buildSettings = {
				ASSETCATALOG_COMPILER_APPICON_NAME = AppIcon;
				CODE_SIGN_STYLE = Automatic;
				DEVELOPMENT_TEAM = 7QW6644H6T;
				INFOPLIST_FILE = InformatENP/Info.plist;
				LD_RUNPATH_SEARCH_PATHS = "$(inherited) @executable_path/Frameworks";
				PRODUCT_BUNDLE_IDENTIFIER = Guillermo.InformatENP;
				PRODUCT_NAME = "$(TARGET_NAME)";
				SWIFT_VERSION = 4.0;
				TARGETED_DEVICE_FAMILY = "1,2";
			};
			name = Release;
		};
/* End XCBuildConfiguration section */

/* Begin XCConfigurationList section */
		B3897C0F1FA3DEDF0014BBDF /* Build configuration list for PBXProject "InformatENP" */ = {
			isa = XCConfigurationList;
			buildConfigurations = (
				B3897C241FA3DEDF0014BBDF /* Debug */,
				B3897C251FA3DEDF0014BBDF /* Release */,
			);
			defaultConfigurationIsVisible = 0;
			defaultConfigurationName = Release;
		};
		B3897C261FA3DEDF0014BBDF /* Build configuration list for PBXNativeTarget "InformatENP" */ = {
			isa = XCConfigurationList;
			buildConfigurations = (
				B3897C271FA3DEDF0014BBDF /* Debug */,
				B3897C281FA3DEDF0014BBDF /* Release */,
			);
			defaultConfigurationIsVisible = 0;
			defaultConfigurationName = Release;
		};
/* End XCConfigurationList section */
	};
	rootObject = B3897C0C1FA3DEDF0014BBDF /* Project object */;
}
